<?xml version="1.0" encoding="utf-8"?>
<Project ToolsVersion="4.0" xmlns="http://schemas.microsoft.com/developer/msbuild/2003">
  <ItemGroup>
    <ClInclude Include="Data\CsvDatasetImporter.h">
      <Filter>File di intestazione</Filter>
    </ClInclude>
    <ClInclude Include="Data\DatasetInspector.h">
      <Filter>File di intestazione</Filter>
    </ClInclude>
    <ClInclude Include="Data\DatasetRuntime.h">
      <Filter>File di intestazione</Filter>
    </ClInclude>
    <Filter Include="File di origine">
      <UniqueIdentifier>{4FC737F1-C7A5-4376-A066-2A32D752A2FF}</UniqueIdentifier>
      <Extensions>cpp;c;cc;cxx;c++;cppm;ixx;def;odl;idl;hpj;bat;asm;asmx</Extensions>
    </Filter>
    <Filter Include="File di intestazione">
      <UniqueIdentifier>{93995380-89BD-4b04-88EB-625FBE52EBFB}</UniqueIdentifier>
      <Extensions>h;hh;hpp;hxx;h++;hm;inl;inc;ipp;xsd</Extensions>
    </Filter>
    <Filter Include="File di risorse">
      <UniqueIdentifier>{67DA6AB6-F800-4c08-8B7A-83BB121AAD01}</UniqueIdentifier>
      <Extensions>rc;ico;cur;bmp;dlg;rc2;rct;bin;rgs;gif;jpg;jpeg;jpe;resx;tiff;tif;png;wav;mfcribbon-ms</Extensions>
    </Filter>
  </ItemGroup>
  <ItemGroup>
    <ClCompile Include="Data\CsvDatasetImporter.cpp">
      <Filter>File di origine</Filter>
    </ClCompile>
    <ClCompile Include="Data\DatasetInspector.cpp">
      <Filter>File di origine</Filter>
    </ClCompile>
    <ClCompile Include="Data\DatasetRuntime.cpp">
      <Filter>File di origine</Filter>
    </ClCompile>
    <ClInclude Include="framework.h">
      <Filter>File di intestazione</Filter>
    </ClInclude>
    <ClInclude Include="pch.h">
      <Filter>File di intestazione</Filter>
    </ClInclude>
    <ClInclude Include="Execution\ForwardEngine.h">
      <Filter>File di intestazione</Filter>
    </ClInclude>
    <ClInclude Include="Validation\NetworkValidator.h">
      <Filter>File di intestazione</Filter>
    </ClInclude>
    <ClInclude Include="Runtime\NetworkRuntime.h">
      <Filter>File di intestazione</Filter>
    </ClInclude>
    <ClInclude Include="Runtime\NetworkFactory.h">
      <Filter>File di intestazione</Filter>
    </ClInclude>
    <ClInclude Include="Editing\NetworkEditor.h">
      <Filter>File di intestazione</Filter>
    </ClInclude>
    <ClInclude Include="Input\NetworkInput.h">
      <Filter>File di intestazione</Filter>
    </ClInclude>
    <ClInclude Include="Parameters\NetworkParameters.h">
      <Filter>File di intestazione</Filter>
    </ClInclude>
    <ClInclude Include="Weights\NetworkWeights.h">
      <Filter>File di intestazione</Filter>
    </ClInclude>
    <ClInclude Include="Topology\NetworkTopology.h">
      <Filter>File di intestazione</Filter>
    </ClInclude>
    <ClInclude Include="Inspection\NetworkInspector.h">
      <Filter>File di intestazione</Filter>
    </ClInclude>
    <ClInclude Include="Interchange\OnnxExporter.h">
      <Filter>File di intestazione</Filter>
    </ClInclude>
    <ClInclude Include="Interchange\OnnxImporter.h">
      <Filter>File di intestazione</Filter>
    </ClInclude>
    <ClInclude Include="Evaluation\LossEvaluator.h">
      <Filter>File di intestazione</Filter>
    </ClInclude>
    <ClInclude Include="Evaluation\SampleEvaluator.h">
      <Filter>File di intestazione</Filter>
    </ClInclude>
    <ClInclude Include="Differentiation\BackwardEngine.h">
      <Filter>File di intestazione</Filter>
    </ClInclude>
    <ClInclude Include="Differentiation\SampleGradientEvaluator.h">
      <Filter>File di intestazione</Filter>
    </ClInclude>
    <ClInclude Include="Optimization\SgdOptimizer.h">
      <Filter>File di intestazione</Filter>
    </ClInclude>
    <ClInclude Include="Training\TrainingStepExecutor.h">
      <Filter>File di intestazione</Filter>
    </ClInclude>
    <ClInclude Include="Inference\PredictionEvaluator.h">
      <Filter>File di intestazione</Filter>
    </ClInclude>
  </ItemGroup>
  <ItemGroup>
    <ClCompile Include="Engine.cpp">
      <Filter>File di origine</Filter>
    </ClCompile>
    <ClCompile Include="pch.cpp">
      <Filter>File di origine</Filter>
    </ClCompile>
    <ClCompile Include="Execution\ForwardEngine.cpp">
      <Filter>File di origine</Filter>
    </ClCompile>
    <ClCompile Include="Validation\NetworkValidator.cpp">
      <Filter>File di origine</Filter>
    </ClCompile>
    <ClCompile Include="Runtime\NetworkRuntime.cpp">
      <Filter>File di origine</Filter>
    </ClCompile>
    <ClCompile Include="Runtime\NetworkFactory.cpp">
      <Filter>File di origine</Filter>
    </ClCompile>
    <ClCompile Include="Editing\NetworkEditor.cpp">
      <Filter>File di origine</Filter>
    </ClCompile>
    <ClCompile Include="Input\NetworkInput.cpp">
      <Filter>File di origine</Filter>
    </ClCompile>
    <ClCompile Include="Parameters\NetworkParameters.cpp">
      <Filter>File di origine</Filter>
    </ClCompile>
    <ClCompile Include="Weights\NetworkWeights.cpp">
      <Filter>File di origine</Filter>
    </ClCompile>
    <ClCompile Include="Topology\NetworkTopology.cpp">
      <Filter>File di origine</Filter>
    </ClCompile>
    <ClCompile Include="Inspection\NetworkInspector.cpp">
      <Filter>File di origine</Filter>
    </ClCompile>
    <ClCompile Include="Interchange\OnnxExporter.cpp">
      <Filter>File di origine</Filter>
    </ClCompile>
    <ClCompile Include="Interchange\OnnxImporter.cpp">
      <Filter>File di origine</Filter>
    </ClCompile>
    <ClCompile Include="Evaluation\LossEvaluator.cpp">
      <Filter>File di origine</Filter>
    </ClCompile>
    <ClCompile Include="Evaluation\SampleEvaluator.cpp">
      <Filter>File di origine</Filter>
    </ClCompile>
    <ClCompile Include="Differentiation\BackwardEngine.cpp">
      <Filter>File di origine</Filter>
    </ClCompile>
    <ClCompile Include="Differentiation\SampleGradientEvaluator.cpp">
      <Filter>File di origine</Filter>
    </ClCompile>
    <ClCompile Include="Optimization\SgdOptimizer.cpp">
      <Filter>File di origine</Filter>
    </ClCompile>
    <ClCompile Include="Training\TrainingStepExecutor.cpp">
      <Filter>File di origine</Filter>
    </ClCompile>
    <ClCompile Include="Inference\PredictionEvaluator.cpp">
      <Filter>File di origine</Filter>
    </ClCompile>
  </ItemGroup>
</Project>
