<?xml version="1.0" encoding="utf-8"?>
<Project ToolsVersion="4.0" xmlns="http://schemas.microsoft.com/developer/msbuild/2003">
  <ItemGroup>
    <Filter Include="File di origine">
      <UniqueIdentifier>{4FC737F1-C7A5-4376-A066-2A32D752A2FF}</UniqueIdentifier>
      <Extensions>cpp;c;cc;cxx;c++;cppm;ixx;def;odl;idl;hpj;bat;asm;asmx</Extensions>
    </Filter>
    <Filter Include="File di intestazione">
      <UniqueIdentifier>{93995380-89BD-4b04-88EB-625FBE52EBFB}</UniqueIdentifier>
      <Extensions>h;hh;hpp;hxx;h++;hm;inl;inc;ipp;xsd</Extensions>
    </Filter>
    <Filter Include="File di risorse">
      <UniqueIdentifier>{67DA6AB6-F800-4c08-8B7A-83BB121AAD01}</UniqueIdentifier>
      <Extensions>rc;ico;cur;bmp;dlg;rc2;rct;bin;rgs;gif;jpg;jpeg;jpe;resx;tiff;tif;png;wav;mfcribbon-ms</Extensions>
    </Filter>
  </ItemGroup>
  <ItemGroup>
    <ClInclude Include="framework.h">
      <Filter>File di intestazione</Filter>
    </ClInclude>
    <ClInclude Include="pch.h">
      <Filter>File di intestazione</Filter>
    </ClInclude>
    <ClInclude Include="Model\Neuron.h">
      <Filter>File di intestazione</Filter>
    </ClInclude>
    <ClInclude Include="Model\Layer.h">
      <Filter>File di intestazione</Filter>
    </ClInclude>
    <ClInclude Include="Model\Network.h">
      <Filter>File di intestazione</Filter>
    </ClInclude>
    <ClInclude Include="Public\NetworkSnapshot.h">
      <Filter>File di intestazione</Filter>
    </ClInclude>
    <ClInclude Include="Execution\SnapshotBuilder.h">
      <Filter>File di intestazione</Filter>
    </ClInclude>
    <ClInclude Include="Public\ConnectionSnapshot.h">
      <Filter>File di intestazione</Filter>
    </ClInclude>
    <ClInclude Include="Public\ConnectionInspectionSnapshot.h">
      <Filter>File di intestazione</Filter>
    </ClInclude>
    <ClInclude Include="Public\NeuronContextSnapshot.h">
      <Filter>File di intestazione</Filter>
    </ClInclude>
    <ClInclude Include="Public\NeuronInspectionSnapshot.h">
      <Filter>File di intestazione</Filter>
    </ClInclude>
    <ClInclude Include="Model\Connection.h">
      <Filter>File di intestazione</Filter>
    </ClInclude>
    <ClInclude Include="Execution\Activation.h">
      <Filter>File di intestazione</Filter>
    </ClInclude>
    <ClInclude Include="Model\Dataset.h">
      <Filter>File di intestazione</Filter>
    </ClInclude>
    <ClInclude Include="Model\Sample.h">
      <Filter>File di intestazione</Filter>
    </ClInclude>
    <ClInclude Include="Public\DatasetSummary.h">
      <Filter>File di intestazione</Filter>
    </ClInclude>
    <ClInclude Include="Public\DenseNetworkConfiguration.h">
      <Filter>File di intestazione</Filter>
    </ClInclude>
    <ClInclude Include="Public\NetworkParameterUpdate.h">
      <Filter>File di intestazione</Filter>
    </ClInclude>
    <ClInclude Include="Public\SampleSnapshot.h">
      <Filter>File di intestazione</Filter>
    </ClInclude>
    <ClInclude Include="Public\LossType.h">
      <Filter>File di intestazione</Filter>
    </ClInclude>
    <ClInclude Include="Public\SampleEvaluationSnapshot.h">
      <Filter>File di intestazione</Filter>
    </ClInclude>
    <ClInclude Include="Public\DatasetEvaluationSnapshot.h">
      <Filter>File di intestazione</Filter>
    </ClInclude>
    <ClInclude Include="Model\TrainingSession.h">
      <Filter>File di intestazione</Filter>
    </ClInclude>
    <ClInclude Include="Public\TrainingSessionSnapshot.h">
      <Filter>File di intestazione</Filter>
    </ClInclude>
    <ClInclude Include="Public\TrainingSessionStatus.h">
      <Filter>File di intestazione</Filter>
    </ClInclude>
    <ClInclude Include="Public\TrainingRunSnapshot.h">
      <Filter>File di intestazione</Filter>
    </ClInclude>
    <ClInclude Include="Public\TrainingBreakpointHitSnapshot.h">
      <Filter>File di intestazione</Filter>
    </ClInclude>
    <ClInclude Include="Public\TrainingBreakpointKind.h">
      <Filter>File di intestazione</Filter>
    </ClInclude>
    <ClInclude Include="Public\TrainingBreakpointSnapshot.h">
      <Filter>File di intestazione</Filter>
    </ClInclude>
    <ClInclude Include="Public\TrainingBreakpointSpec.h">
      <Filter>File di intestazione</Filter>
    </ClInclude>
    <ClInclude Include="Public\TrainingRunStopReason.h">
      <Filter>File di intestazione</Filter>
    </ClInclude>
    <ClInclude Include="Public\TrainingWorkerStopReason.h">
      <Filter>File di intestazione</Filter>
    </ClInclude>
    <ClInclude Include="Public\TrainingHistoryEntrySnapshot.h">
      <Filter>File di intestazione</Filter>
    </ClInclude>
    <ClInclude Include="Public\ConnectionGradientSnapshot.h">
      <Filter>File di intestazione</Filter>
    </ClInclude>
    <ClInclude Include="Public\NeuronGradientSnapshot.h">
      <Filter>File di intestazione</Filter>
    </ClInclude>
    <ClInclude Include="Public\SampleGradientSnapshot.h">
      <Filter>File di intestazione</Filter>
    </ClInclude>
    <ClInclude Include="Public\ConnectionUpdateSnapshot.h">
      <Filter>File di intestazione</Filter>
    </ClInclude>
    <ClInclude Include="Public\NeuronUpdateSnapshot.h">
      <Filter>File di intestazione</Filter>
    </ClInclude>
    <ClInclude Include="Public\OptimizerType.h">
      <Filter>File di intestazione</Filter>
    </ClInclude>
    <ClInclude Include="Public\TrainingStepSnapshot.h">
      <Filter>File di intestazione</Filter>
    </ClInclude>
    <ClInclude Include="Public\TrainingValueComparisonSnapshot.h">
      <Filter>File di intestazione</Filter>
    </ClInclude>
    <ClInclude Include="Public\TrainingOutputComparisonSnapshot.h">
      <Filter>File di intestazione</Filter>
    </ClInclude>
    <ClInclude Include="Public\TrainingNeuronComparisonSnapshot.h">
      <Filter>File di intestazione</Filter>
    </ClInclude>
    <ClInclude Include="Public\TrainingConnectionComparisonSnapshot.h">
      <Filter>File di intestazione</Filter>
    </ClInclude>
    <ClInclude Include="Public\TrainingStepComparisonSnapshot.h">
      <Filter>File di intestazione</Filter>
    </ClInclude>
    <ClInclude Include="Public\PredictionSnapshot.h">
      <Filter>File di intestazione</Filter>
    </ClInclude>
    <ClInclude Include="Public\ProjectInfoSnapshot.h">
      <Filter>File di intestazione</Filter>
    </ClInclude>
    <ClInclude Include="Public\TrainingEpochSnapshot.h">
      <Filter>File di intestazione</Filter>
    </ClInclude>
    <ClInclude Include="Model\TrainingDebugSession.h">
      <Filter>File di intestazione</Filter>
    </ClInclude>
    <ClInclude Include="Public\TrainingDebugPhase.h">
      <Filter>File di intestazione</Filter>
    </ClInclude>
    <ClInclude Include="Public\TrainingDebugSnapshot.h">
      <Filter>File di intestazione</Filter>
    </ClInclude>
    <ClInclude Include="Public\TrainingDebugNeuronSnapshot.h">
      <Filter>File di intestazione</Filter>
    </ClInclude>
    <ClInclude Include="Public\TrainingDebugConnectionSnapshot.h">
      <Filter>File di intestazione</Filter>
    </ClInclude>
  </ItemGroup>
  <ItemGroup>
    <ClCompile Include="Core.cpp">
      <Filter>File di origine</Filter>
    </ClCompile>
    <ClCompile Include="pch.cpp">
      <Filter>File di origine</Filter>
    </ClCompile>
  </ItemGroup>
</Project>
